
Microsoft Visual Studio Solution File, Format Version 12.00
# Visual Studio Version 16
VisualStudioVersion = 16.0.29728.190
MinimumVisualStudioVersion = 10.0.40219.1
Project("{FAE04EC0-301F-11D3-BF4B-00C04F79EFBC}") = "Morgenmadsbuffeten", "Morgenmadsbuffeten.csproj", "{EFC61AD0-84F3-42F2-83D9-A11D27F2E1CB}"
EndProject
Global
	GlobalSection(SolutionConfigurationPlatforms) = preSolution
		Debug|Any CPU = Debug|Any CPU
		Release|Any CPU = Release|Any CPU
	EndGlobalSection
	GlobalSection(ProjectConfigurationPlatforms) = postSolution
		{EFC61AD0-84F3-42F2-83D9-A11D27F2E1CB}.Debug|Any CPU.ActiveCfg = Debug|Any CPU
		{EFC61AD0-84F3-42F2-83D9-A11D27F2E1CB}.Debug|Any CPU.Build.0 = Debug|Any CPU
		{EFC61AD0-84F3-42F2-83D9-A11D27F2E1CB}.Release|Any CPU.ActiveCfg = Release|Any CPU
		{EFC61AD0-84F3-42F2-83D9-A11D27F2E1CB}.Release|Any CPU.Build.0 = Release|Any CPU
	EndGlobalSection
	GlobalSection(SolutionProperties) = preSolution
		HideSolutionNode = FALSE
	EndGlobalSection
	GlobalSection(ExtensibilityGlobals) = postSolution
		SolutionGuid = {209B8750-E683-4E5B-BCE8-F57580C9C8A3}
	EndGlobalSection
EndGlobal
